{
  "name": "mercury",
  "version": "1.0.0",
  "lockfileVersion": 3,
  "requires": true,
  "packages": {
    "": {
      "name": "mercury",
      "version": "1.0.0",
      "license": "ISC",
      "dependencies": {
        "hono": "^4.6.7"
      }
    },
    "node_modules/hono": {
      "version": "4.6.7",
      "resolved": "https://registry.npmjs.org/hono/-/hono-4.6.7.tgz",
      "integrity": "sha512-wX4ZbOnzfNO61hUjuQbJ7OPGs1fWXXVVJ8VTPDb2Ls/x9HjCbVTm80Je6VTHMz5n5RGDtBgV9d9ZFZxBqx56ng==",
      "license": "MIT",
      "engines": {
        "node": ">=16.9.0"
      }
    }
  }
}
